
Microsoft Visual Studio Solution File, Format Version 12.00
# Visual Studio Version 16
VisualStudioVersion = 16.0.29102.190
MinimumVisualStudioVersion = 10.0.40219.1
Project("{FAE04EC0-301F-11D3-BF4B-00C04F79EFBC}") = "ConsoleApp126", "ConsoleApp126\ConsoleApp126.csproj", "{FEEAC0CF-36AB-422F-A44D-0D73373DBCBA}"
EndProject
Global
	GlobalSection(SolutionConfigurationPlatforms) = preSolution
		Debug|Any CPU = Debug|Any CPU
		Release|Any CPU = Release|Any CPU
	EndGlobalSection
	GlobalSection(ProjectConfigurationPlatforms) = postSolution
		{FEEAC0CF-36AB-422F-A44D-0D73373DBCBA}.Debug|Any CPU.ActiveCfg = Debug|Any CPU
		{FEEAC0CF-36AB-422F-A44D-0D73373DBCBA}.Debug|Any CPU.Build.0 = Debug|Any CPU
		{FEEAC0CF-36AB-422F-A44D-0D73373DBCBA}.Release|Any CPU.ActiveCfg = Release|Any CPU
		{FEEAC0CF-36AB-422F-A44D-0D73373DBCBA}.Release|Any CPU.Build.0 = Release|Any CPU
	EndGlobalSection
	GlobalSection(SolutionProperties) = preSolution
		HideSolutionNode = FALSE
	EndGlobalSection
	GlobalSection(ExtensibilityGlobals) = postSolution
		SolutionGuid = {7FD54DC1-9CC9-4F25-8B53-6FF54BFFDBC9}
	EndGlobalSection
EndGlobal
